// !$*UTF8*$!
{
	archiveVersion = 1;
	classes = {
	};
	objectVersion = 50;
	objects = {

/* Begin PBXBuildFile section */
		2A279A4023D01DBC00FEF4CF /* AppDelegate.swift in Sources */ = {isa = PBXBuildFile; fileRef = 2A279A3F23D01DBC00FEF4CF /* AppDelegate.swift */; };
		2A279A4223D01DBC00FEF4CF /* SceneDelegate.swift in Sources */ = {isa = PBXBuildFile; fileRef = 2A279A4123D01DBC00FEF4CF /* SceneDelegate.swift */; };
		2A279A4423D01DBC00FEF4CF /* ViewController.swift in Sources */ = {isa = PBXBuildFile; fileRef = 2A279A4323D01DBC00FEF4CF /* ViewController.swift */; };
		2A279A4723D01DBC00FEF4CF /* Main.storyboard in Resources */ = {isa = PBXBuildFile; fileRef = 2A279A4523D01DBC00FEF4CF /* Main.storyboard */; };
		2A279A4923D01DC100FEF4CF /* Assets.xcassets in Resources */ = {isa = PBXBuildFile; fileRef = 2A279A4823D01DC100FEF4CF /* Assets.xcassets */; };
		2A279A4C23D01DC100FEF4CF /* LaunchScreen.storyboard in Resources */ = {isa = PBXBuildFile; fileRef = 2A279A4A23D01DC100FEF4CF /* LaunchScreen.storyboard */; };
/* End PBXBuildFile section */

/* Begin PBXFileReference section */
		2A279A3C23D01DBC00FEF4CF /* MapKitProject.app */ = {isa = PBXFileReference; explicitFileType = wrapper.application; includeInIndex = 0; path = MapKitProject.app; sourceTree = BUILT_PRODUCTS_DIR; };
		2A279A3F23D01DBC00FEF4CF /* AppDelegate.swift */ = {isa = PBXFileReference; lastKnownFileType = sourcecode.swift; path = AppDelegate.swift; sourceTree = "<group>"; };
		2A279A4123D01DBC00FEF4CF /* SceneDelegate.swift */ = {isa = PBXFileReference; lastKnownFileType = sourcecode.swift; path = SceneDelegate.swift; sourceTree = "<group>"; };
		2A279A4323D01DBC00FEF4CF /* ViewController.swift */ = {isa = PBXFileReference; lastKnownFileType = sourcecode.swift; path = ViewController.swift; sourceTree = "<group>"; };
		2A279A4623D01DBC00FEF4CF /* Base */ = {isa = PBXFileReference; lastKnownFileType = file.storyboard; name = Base; path = Base.lproj/Main.storyboard; sourceTree = "<group>"; };
		2A279A4823D01DC100FEF4CF /* Assets.xcassets */ = {isa = PBXFileReference; lastKnownFileType = folder.assetcatalog; path = Assets.xcassets; sourceTree = "<group>"; };
		2A279A4B23D01DC100FEF4CF /* Base */ = {isa = PBXFileReference; lastKnownFileType = file.storyboard; name = Base; path = Base.lproj/LaunchScreen.storyboard; sourceTree = "<group>"; };
		2A279A4D23D01DC100FEF4CF /* Info.plist */ = {isa = PBXFileReference; lastKnownFileType = text.plist.xml; path = Info.plist; sourceTree = "<group>"; };
/* End PBXFileReference section */

/* Begin PBXFrameworksBuildPhase section */
		2A279A3923D01DBC00FEF4CF /* Frameworks */ = {
			isa = PBXFrameworksBuildPhase;
			buildActionMask = 2147483647;
			files = (
			);
			runOnlyForDeploymentPostprocessing = 0;
		};
/* End PBXFrameworksBuildPhase section */

/* Begin PBXGroup section */
		2A279A3323D01DBC00FEF4CF = {
			isa = PBXGroup;
			children = (
				2A279A3E23D01DBC00FEF4CF /* MapKitProject */,
				2A279A3D23D01DBC00FEF4CF /* Products */,
			);
			sourceTree = "<group>";
		};
		2A279A3D23D01DBC00FEF4CF /* Products */ = {
			isa = PBXGroup;
			children = (
				2A279A3C23D01DBC00FEF4CF /* MapKitProject.app */,
			);
			name = Products;
			sourceTree = "<group>";
		};
		2A279A3E23D01DBC00FEF4CF /* MapKitProject */ = {
			isa = PBXGroup;
			children = (
				2A279A3F23D01DBC00FEF4CF /* AppDelegate.swift */,
				2A279A4123D01DBC00FEF4CF /* SceneDelegate.swift */,
				2A279A4323D01DBC00FEF4CF /* ViewController.swift */,
				2A279A4523D01DBC00FEF4CF /* Main.storyboard */,
				2A279A4823D01DC100FEF4CF /* Assets.xcassets */,
				2A279A4A23D01DC100FEF4CF /* LaunchScreen.storyboard */,
				2A279A4D23D01DC100FEF4CF /* Info.plist */,
			);
			path = MapKitProject;
			sourceTree = "<group>";
		};
/* End PBXGroup section */

/* Begin PBXNativeTarget section */
		2A279A3B23D01DBC00FEF4CF /* MapKitProject */ = {
			isa = PBXNativeTarget;
			buildConfigurationList = 2A279A5023D01DC100FEF4CF /* Build configuration list for PBXNativeTarget "MapKitProject" */;
			buildPhases = (
				2A279A3823D01DBC00FEF4CF /* Sources */,
				2A279A3923D01DBC00FEF4CF /* Frameworks */,
				2A279A3A23D01DBC00FEF4CF /* Resources */,
			);
			buildRules = (
			);
			dependencies = (
			);
			name = MapKitProject;
			productName = MapKitProject;
			productReference = 2A279A3C23D01DBC00FEF4CF /* MapKitProject.app */;
			productType = "com.apple.product-type.application";
		};
/* End PBXNativeTarget section */

/* Begin PBXProject section */
		2A279A3423D01DBC00FEF4CF /* Project object */ = {
			isa = PBXProject;
			attributes = {
				LastSwiftUpdateCheck = 1130;
				LastUpgradeCheck = 1130;
				ORGANIZATIONNAME = "Dicoding Indonesia";
				TargetAttributes = {
					2A279A3B23D01DBC00FEF4CF = {
						CreatedOnToolsVersion = 11.3.1;
					};
				};
			};
			buildConfigurationList = 2A279A3723D01DBC00FEF4CF /* Build configuration list for PBXProject "MapKitProject" */;
			compatibilityVersion = "Xcode 9.3";
			developmentRegion = en;
			hasScannedForEncodings = 0;
			knownRegions = (
				en,
				Base,
			);
			mainGroup = 2A279A3323D01DBC00FEF4CF;
			productRefGroup = 2A279A3D23D01DBC00FEF4CF /* Products */;
			projectDirPath = "";
			projectRoot = "";
			targets = (
				2A279A3B23D01DBC00FEF4CF /* MapKitProject */,
			);
		};
/* End PBXProject section */

/* Begin PBXResourcesBuildPhase section */
		2A279A3A23D01DBC00FEF4CF /* Resources */ = {
			isa = PBXResourcesBuildPhase;
			buildActionMask = 2147483647;
			files = (
				2A279A4C23D01DC100FEF4CF /* LaunchScreen.storyboard in Resources */,
				2A279A4923D01DC100FEF4CF /* Assets.xcassets in Resources */,
				2A279A4723D01DBC00FEF4CF /* Main.storyboard in Resources */,
			);
			runOnlyForDeploymentPostprocessing = 0;
		};
/* End PBXResourcesBuildPhase section */

/* Begin PBXSourcesBuildPhase section */
		2A279A3823D01DBC00FEF4CF /* Sources */ = {
			isa = PBXSourcesBuildPhase;
			buildActionMask = 2147483647;
			files = (
				2A279A4423D01DBC00FEF4CF /* ViewController.swift in Sources */,
				2A279A4023D01DBC00FEF4CF /* AppDelegate.swift in Sources */,
				2A279A4223D01DBC00FEF4CF /* SceneDelegate.swift in Sources */,
			);
			runOnlyForDeploymentPostprocessing = 0;
		};
/* End PBXSourcesBuildPhase section */

/* Begin PBXVariantGroup section */
		2A279A4523D01DBC00FEF4CF /* Main.storyboard */ = {
			isa = PBXVariantGroup;
			children = (
				2A279A4623D01DBC00FEF4CF /* Base */,
			);
			name = Main.storyboard;
			sourceTree = "<group>";
		};
		2A279A4A23D01DC100FEF4CF /* LaunchScreen.storyboard */ = {
			isa = PBXVariantGroup;
			children = (
				2A279A4B23D01DC100FEF4CF /* Base */,
			);
			name = LaunchScreen.storyboard;
			sourceTree = "<group>";
		};
/* End PBXVariantGroup section */

/* Begin XCBuildConfiguration section */
		2A279A4E23D01DC100FEF4CF /* Debug */ = {
			isa = XCBuildConfiguration;
			buildSettings = {
				ALWAYS_SEARCH_USER_PATHS = NO;
				CLANG_ANALYZER_NONNULL = YES;
				CLANG_ANALYZER_NUMBER_OBJECT_CONVERSION = YES_AGGRESSIVE;
				CLANG_CXX_LANGUAGE_STANDARD = "gnu++14";
				CLANG_CXX_LIBRARY = "libc++";
				CLANG_ENABLE_MODULES = YES;
				CLANG_ENABLE_OBJC_ARC = YES;
				CLANG_ENABLE_OBJC_WEAK = YES;
				CLANG_WARN_BLOCK_CAPTURE_AUTORELEASING = YES;
				CLANG_WARN_BOOL_CONVERSION = YES;
				CLANG_WARN_COMMA = YES;
				CLANG_WARN_CONSTANT_CONVERSION = YES;
				CLANG_WARN_DEPRECATED_OBJC_IMPLEMENTATIONS = YES;
				CLANG_WARN_DIRECT_OBJC_ISA_USAGE = YES_ERROR;
				CLANG_WARN_DOCUMENTATION_COMMENTS = YES;
				CLANG_WARN_EMPTY_BODY = YES;
				CLANG_WARN_ENUM_CONVERSION = YES;
				CLANG_WARN_INFINITE_RECURSION = YES;
				CLANG_WARN_INT_CONVERSION = YES;
				CLANG_WARN_NON_LITERAL_NULL_CONVERSION = YES;
				CLANG_WARN_OBJC_IMPLICIT_RETAIN_SELF = YES;
				CLANG_WARN_OBJC_LITERAL_CONVERSION = YES;
				CLANG_WARN_OBJC_ROOT_CLASS = YES_ERROR;
				CLANG_WARN_RANGE_LOOP_ANALYSIS = YES;
				CLANG_WARN_STRICT_PROTOTYPES = YES;
				CLANG_WARN_SUSPICIOUS_MOVE = YES;
				CLANG_WARN_UNGUARDED_AVAILABILITY = YES_AGGRESSIVE;
				CLANG_WARN_UNREACHABLE_CODE = YES;
				CLANG_WARN__DUPLICATE_METHOD_MATCH = YES;
				COPY_PHASE_STRIP = NO;
				DEBUG_INFORMATION_FORMAT = dwarf;
				ENABLE_STRICT_OBJC_MSGSEND = YES;
				ENABLE_TESTABILITY = YES;
				GCC_C_LANGUAGE_STANDARD = gnu11;
				GCC_DYNAMIC_NO_PIC = NO;
				GCC_NO_COMMON_BLOCKS = YES;
				GCC_OPTIMIZATION_LEVEL = 0;
				GCC_PREPROCESSOR_DEFINITIONS = (
					"DEBUG=1",
					"$(inherited)",
				);
				GCC_WARN_64_TO_32_BIT_CONVERSION = YES;
				GCC_WARN_ABOUT_RETURN_TYPE = YES_ERROR;
				GCC_WARN_UNDECLARED_SELECTOR = YES;
				GCC_WARN_UNINITIALIZED_AUTOS = YES_AGGRESSIVE;
				GCC_WARN_UNUSED_FUNCTION = YES;
				GCC_WARN_UNUSED_VARIABLE = YES;
				IPHONEOS_DEPLOYMENT_TARGET = 13.2;
				MTL_ENABLE_DEBUG_INFO = INCLUDE_SOURCE;
				MTL_FAST_MATH = YES;
				ONLY_ACTIVE_ARCH = YES;
				SDKROOT = iphoneos;
				SWIFT_ACTIVE_COMPILATION_CONDITIONS = DEBUG;
				SWIFT_OPTIMIZATION_LEVEL = "-Onone";
			};
			name = Debug;
		};
		2A279A4F23D01DC100FEF4CF /* Release */ = {
			isa = XCBuildConfiguration;
			buildSettings = {
				ALWAYS_SEARCH_USER_PATHS = NO;
				CLANG_ANALYZER_NONNULL = YES;
				CLANG_ANALYZER_NUMBER_OBJECT_CONVERSION = YES_AGGRESSIVE;
				CLANG_CXX_LANGUAGE_STANDARD = "gnu++14";
				CLANG_CXX_LIBRARY = "libc++";
				CLANG_ENABLE_MODULES = YES;
				CLANG_ENABLE_OBJC_ARC = YES;
				CLANG_ENABLE_OBJC_WEAK = YES;
				CLANG_WARN_BLOCK_CAPTURE_AUTORELEASING = YES;
				CLANG_WARN_BOOL_CONVERSION = YES;
				CLANG_WARN_COMMA = YES;
				CLANG_WARN_CONSTANT_CONVERSION = YES;
				CLANG_WARN_DEPRECATED_OBJC_IMPLEMENTATIONS = YES;
				CLANG_WARN_DIRECT_OBJC_ISA_USAGE = YES_ERROR;
				CLANG_WARN_DOCUMENTATION_COMMENTS = YES;
				CLANG_WARN_EMPTY_BODY = YES;
				CLANG_WARN_ENUM_CONVERSION = YES;
				CLANG_WARN_INFINITE_RECURSION = YES;
				CLANG_WARN_INT_CONVERSION = YES;
				CLANG_WARN_NON_LITERAL_NULL_CONVERSION = YES;
				CLANG_WARN_OBJC_IMPLICIT_RETAIN_SELF = YES;
				CLANG_WARN_OBJC_LITERAL_CONVERSION = YES;
				CLANG_WARN_OBJC_ROOT_CLASS = YES_ERROR;
				CLANG_WARN_RANGE_LOOP_ANALYSIS = YES;
				CLANG_WARN_STRICT_PROTOTYPES = YES;
				CLANG_WARN_SUSPICIOUS_MOVE = YES;
				CLANG_WARN_UNGUARDED_AVAILABILITY = YES_AGGRESSIVE;
				CLANG_WARN_UNREACHABLE_CODE = YES;
				CLANG_WARN__DUPLICATE_METHOD_MATCH = YES;
				COPY_PHASE_STRIP = NO;
				DEBUG_INFORMATION_FORMAT = "dwarf-with-dsym";
				ENABLE_NS_ASSERTIONS = NO;
				ENABLE_STRICT_OBJC_MSGSEND = YES;
				GCC_C_LANGUAGE_STANDARD = gnu11;
				GCC_NO_COMMON_BLOCKS = YES;
				GCC_WARN_64_TO_32_BIT_CONVERSION = YES;
				GCC_WARN_ABOUT_RETURN_TYPE = YES_ERROR;
				GCC_WARN_UNDECLARED_SELECTOR = YES;
				GCC_WARN_UNINITIALIZED_AUTOS = YES_AGGRESSIVE;
				GCC_WARN_UNUSED_FUNCTION = YES;
				GCC_WARN_UNUSED_VARIABLE = YES;
				IPHONEOS_DEPLOYMENT_TARGET = 13.2;
				MTL_ENABLE_DEBUG_INFO = NO;
				MTL_FAST_MATH = YES;
				SDKROOT = iphoneos;
				SWIFT_COMPILATION_MODE = wholemodule;
				SWIFT_OPTIMIZATION_LEVEL = "-O";
				VALIDATE_PRODUCT = YES;
			};
			name = Release;
		};
		2A279A5123D01DC100FEF4CF /* Debug */ = {
			isa = XCBuildConfiguration;
			buildSettings = {
				ASSETCATALOG_COMPILER_APPICON_NAME = AppIcon;
				CODE_SIGN_STYLE = Automatic;
				INFOPLIST_FILE = MapKitProject/Info.plist;
				LD_RUNPATH_SEARCH_PATHS = (
					"$(inherited)",
					"@executable_path/Frameworks",
				);
				PRODUCT_BUNDLE_IDENTIFIER = com.dicoding.academy.MapKitProject;
				PRODUCT_NAME = "$(TARGET_NAME)";
				SWIFT_VERSION = 5.0;
				TARGETED_DEVICE_FAMILY = "1,2";
			};
			name = Debug;
		};
		2A279A5223D01DC100FEF4CF /* Release */ = {
			isa = XCBuildConfiguration;
			buildSettings = {
				ASSETCATALOG_COMPILER_APPICON_NAME = AppIcon;
				CODE_SIGN_STYLE = Automatic;
				INFOPLIST_FILE = MapKitProject/Info.plist;
				LD_RUNPATH_SEARCH_PATHS = (
					"$(inherited)",
					"@executable_path/Frameworks",
				);
				PRODUCT_BUNDLE_IDENTIFIER = com.dicoding.academy.MapKitProject;
				PRODUCT_NAME = "$(TARGET_NAME)";
				SWIFT_VERSION = 5.0;
				TARGETED_DEVICE_FAMILY = "1,2";
			};
			name = Release;
		};
/* End XCBuildConfiguration section */

/* Begin XCConfigurationList section */
		2A279A3723D01DBC00FEF4CF /* Build configuration list for PBXProject "MapKitProject" */ = {
			isa = XCConfigurationList;
			buildConfigurations = (
				2A279A4E23D01DC100FEF4CF /* Debug */,
				2A279A4F23D01DC100FEF4CF /* Release */,
			);
			defaultConfigurationIsVisible = 0;
			defaultConfigurationName = Release;
		};
		2A279A5023D01DC100FEF4CF /* Build configuration list for PBXNativeTarget "MapKitProject" */ = {
			isa = XCConfigurationList;
			buildConfigurations = (
				2A279A5123D01DC100FEF4CF /* Debug */,
				2A279A5223D01DC100FEF4CF /* Release */,
			);
			defaultConfigurationIsVisible = 0;
			defaultConfigurationName = Release;
		};
/* End XCConfigurationList section */
	};
	rootObject = 2A279A3423D01DBC00FEF4CF /* Project object */;
}
